
Microsoft Visual Studio Solution File, Format Version 12.00
# Visual Studio 15
VisualStudioVersion = 15.0.27703.2000
MinimumVisualStudioVersion = 10.0.40219.1
Project("{2150E333-8FDC-42A3-9474-1A3956D46DE8}") = "Solution Items", "Solution Items", "{60E72B97-3281-4207-AEE0-91C1EE930DF4}"
	ProjectSection(SolutionItems) = preProject
		.gitignore = .gitignore
		.gitlab-ci.yml = .gitlab-ci.yml
		build.ps1 = build.ps1
		clean.ps1 = clean.ps1
		license.md = license.md
		readme.md = readme.md
	EndProjectSection
EndProject
Project("{9A19103F-16F7-4668-BE54-9A1E7A4F7556}") = "Bhbk.Lib.Waf.Tests", "Bhbk.Lib.Waf.Tests\Bhbk.Lib.Waf.Tests.csproj", "{58FB0DB4-DB96-4E9A-95AA-1A05573F6055}"
EndProject
Project("{9A19103F-16F7-4668-BE54-9A1E7A4F7556}") = "Bhbk.WebApi.Sample", "Bhbk.WebApi.Sample\Bhbk.WebApi.Sample.csproj", "{060A4133-3230-48AC-8724-1EED207AA568}"
EndProject
Project("{9A19103F-16F7-4668-BE54-9A1E7A4F7556}") = "Bhbk.Lib.Helpers", "Bhbk.Lib.Helpers\Bhbk.Lib.Helpers.csproj", "{921FD098-C018-437D-969A-971DED19CF75}"
EndProject
Project("{9A19103F-16F7-4668-BE54-9A1E7A4F7556}") = "Bhbk.Lib.Helpers.Tests", "Bhbk.Lib.Helpers.Tests\Bhbk.Lib.Helpers.Tests.csproj", "{85F4535C-2037-4AD9-9515-D65F415428B5}"
EndProject
Project("{FAE04EC0-301F-11D3-BF4B-00C04F79EFBC}") = "Bhbk.Lib.Waf", "Bhbk.Lib.Waf\Bhbk.Lib.Waf.csproj", "{AE5138B7-0A87-4539-A4A5-74F6F9D59931}"
EndProject
Global
	GlobalSection(SolutionConfigurationPlatforms) = preSolution
		Debug|Any CPU = Debug|Any CPU
		Release|Any CPU = Release|Any CPU
	EndGlobalSection
	GlobalSection(ProjectConfigurationPlatforms) = postSolution
		{58FB0DB4-DB96-4E9A-95AA-1A05573F6055}.Debug|Any CPU.ActiveCfg = Debug|Any CPU
		{58FB0DB4-DB96-4E9A-95AA-1A05573F6055}.Debug|Any CPU.Build.0 = Debug|Any CPU
		{58FB0DB4-DB96-4E9A-95AA-1A05573F6055}.Release|Any CPU.ActiveCfg = Release|Any CPU
		{58FB0DB4-DB96-4E9A-95AA-1A05573F6055}.Release|Any CPU.Build.0 = Release|Any CPU
		{060A4133-3230-48AC-8724-1EED207AA568}.Debug|Any CPU.ActiveCfg = Debug|Any CPU
		{060A4133-3230-48AC-8724-1EED207AA568}.Debug|Any CPU.Build.0 = Debug|Any CPU
		{060A4133-3230-48AC-8724-1EED207AA568}.Release|Any CPU.ActiveCfg = Release|Any CPU
		{060A4133-3230-48AC-8724-1EED207AA568}.Release|Any CPU.Build.0 = Release|Any CPU
		{921FD098-C018-437D-969A-971DED19CF75}.Debug|Any CPU.ActiveCfg = Debug|Any CPU
		{921FD098-C018-437D-969A-971DED19CF75}.Debug|Any CPU.Build.0 = Debug|Any CPU
		{921FD098-C018-437D-969A-971DED19CF75}.Release|Any CPU.ActiveCfg = Release|Any CPU
		{921FD098-C018-437D-969A-971DED19CF75}.Release|Any CPU.Build.0 = Release|Any CPU
		{85F4535C-2037-4AD9-9515-D65F415428B5}.Debug|Any CPU.ActiveCfg = Debug|Any CPU
		{85F4535C-2037-4AD9-9515-D65F415428B5}.Debug|Any CPU.Build.0 = Debug|Any CPU
		{85F4535C-2037-4AD9-9515-D65F415428B5}.Release|Any CPU.ActiveCfg = Release|Any CPU
		{85F4535C-2037-4AD9-9515-D65F415428B5}.Release|Any CPU.Build.0 = Release|Any CPU
		{AE5138B7-0A87-4539-A4A5-74F6F9D59931}.Debug|Any CPU.ActiveCfg = Debug|Any CPU
		{AE5138B7-0A87-4539-A4A5-74F6F9D59931}.Debug|Any CPU.Build.0 = Debug|Any CPU
		{AE5138B7-0A87-4539-A4A5-74F6F9D59931}.Release|Any CPU.ActiveCfg = Release|Any CPU
		{AE5138B7-0A87-4539-A4A5-74F6F9D59931}.Release|Any CPU.Build.0 = Release|Any CPU
	EndGlobalSection
	GlobalSection(SolutionProperties) = preSolution
		HideSolutionNode = FALSE
	EndGlobalSection
	GlobalSection(ExtensibilityGlobals) = postSolution
		SolutionGuid = {BD393FCF-F609-4FB9-95DA-62E03D41F45E}
	EndGlobalSection
EndGlobal
