
Microsoft Visual Studio Solution File, Format Version 12.00
# Visual Studio 2013
VisualStudioVersion = 12.0.40629.0
MinimumVisualStudioVersion = 10.0.40219.1
Project("{FAE04EC0-301F-11D3-BF4B-00C04F79EFBC}") = "Bhbk.Lib.Env.Waf", "Bhbk.Lib.Env.Waf\Bhbk.Lib.Env.Waf.csproj", "{994B7858-713F-4CDA-91E7-1F4D0B49AB03}"
EndProject
Project("{FAE04EC0-301F-11D3-BF4B-00C04F79EFBC}") = "Bhbk.Lib.Env.Waf.Tests", "Bhbk.Lib.Env.Waf.Tests\Bhbk.Lib.Env.Waf.Tests.csproj", "{594F8490-7F39-44DD-AFF8-ED7DD36D974A}"
EndProject
Project("{2150E333-8FDC-42A3-9474-1A3956D46DE8}") = "Solution Items", "Solution Items", "{60E72B97-3281-4207-AEE0-91C1EE930DF4}"
	ProjectSection(SolutionItems) = preProject
		.gitignore = .gitignore
		.gitlab-ci.yml = .gitlab-ci.yml
		license-ipnetwork.md = license-ipnetwork.md
		license.md = license.md
		readme.md = readme.md
	EndProjectSection
EndProject
Project("{FAE04EC0-301F-11D3-BF4B-00C04F79EFBC}") = "Bhbk.WebApi.Sample.WebApi", "Bhbk.WebApi.Sample.WebApi\Bhbk.WebApi.Sample.WebApi.csproj", "{8A03DCD3-B66B-4BDC-AAD3-0F53D8F059B1}"
EndProject
Global
	GlobalSection(SolutionConfigurationPlatforms) = preSolution
		Debug|Any CPU = Debug|Any CPU
		Release|Any CPU = Release|Any CPU
	EndGlobalSection
	GlobalSection(ProjectConfigurationPlatforms) = postSolution
		{994B7858-713F-4CDA-91E7-1F4D0B49AB03}.Debug|Any CPU.ActiveCfg = Debug|Any CPU
		{994B7858-713F-4CDA-91E7-1F4D0B49AB03}.Debug|Any CPU.Build.0 = Debug|Any CPU
		{994B7858-713F-4CDA-91E7-1F4D0B49AB03}.Release|Any CPU.ActiveCfg = Release|Any CPU
		{994B7858-713F-4CDA-91E7-1F4D0B49AB03}.Release|Any CPU.Build.0 = Release|Any CPU
		{594F8490-7F39-44DD-AFF8-ED7DD36D974A}.Debug|Any CPU.ActiveCfg = Debug|Any CPU
		{594F8490-7F39-44DD-AFF8-ED7DD36D974A}.Debug|Any CPU.Build.0 = Debug|Any CPU
		{594F8490-7F39-44DD-AFF8-ED7DD36D974A}.Release|Any CPU.ActiveCfg = Release|Any CPU
		{594F8490-7F39-44DD-AFF8-ED7DD36D974A}.Release|Any CPU.Build.0 = Release|Any CPU
		{8A03DCD3-B66B-4BDC-AAD3-0F53D8F059B1}.Debug|Any CPU.ActiveCfg = Debug|Any CPU
		{8A03DCD3-B66B-4BDC-AAD3-0F53D8F059B1}.Debug|Any CPU.Build.0 = Debug|Any CPU
		{8A03DCD3-B66B-4BDC-AAD3-0F53D8F059B1}.Release|Any CPU.ActiveCfg = Release|Any CPU
		{8A03DCD3-B66B-4BDC-AAD3-0F53D8F059B1}.Release|Any CPU.Build.0 = Release|Any CPU
	EndGlobalSection
	GlobalSection(SolutionProperties) = preSolution
		HideSolutionNode = FALSE
	EndGlobalSection
EndGlobal
