
Microsoft Visual Studio Solution File, Format Version 12.00
# Visual Studio Version 16
VisualStudioVersion = 16.0.29911.84
MinimumVisualStudioVersion = 10.0.40219.1
Project("{FAE04EC0-301F-11D3-BF4B-00C04F79EFBC}") = "Bhbk.Lib.Msft.Win.Sys.Audio", "e8751095b94e725951d8ec9fa0ea6e29\Bhbk.Lib.Msft.Win.Sys.Audio.csproj", "{8F96F488-3165-432D-9B3A-FD8D9AF69AB6}"
EndProject
Project("{FAE04EC0-301F-11D3-BF4B-00C04F79EFBC}") = "Bhbk.Lib.Msft.Win.Sys.Keyboard", "a0cbcc491f6cdafa23b2c01a25f4364a\Bhbk.Lib.Msft.Win.Sys.Keyboard.csproj", "{918D01E3-32FC-412B-91E0-2B4C496F619B}"
EndProject
Project("{FAE04EC0-301F-11D3-BF4B-00C04F79EFBC}") = "Bhbk.Lib.Msft.Win.Sys.Mouse", "730009f2a71e51a09a482802b6cd1752\Bhbk.Lib.Msft.Win.Sys.Mouse.csproj", "{5ADE9034-72C9-4587-9857-3EC3AE2FED20}"
EndProject
Project("{FAE04EC0-301F-11D3-BF4B-00C04F79EFBC}") = "Bhbk.Lib.Msft.Win.Sys.WMI", "64aae6ed6e60b36b2b69cd0b18771aeb\Bhbk.Lib.Msft.Win.Sys.WMI.csproj", "{DA54E6A3-9100-450A-9573-0F8D05C0D5C7}"
EndProject
Project("{FAE04EC0-301F-11D3-BF4B-00C04F79EFBC}") = "Bhbk.Lib.Msft.Win.Sys.Registry", "5ef580ace13a6bbbbea9ee42b2c334ec\Bhbk.Lib.Msft.Win.Sys.Registry.csproj", "{8CCB820C-A10C-420F-81CE-2EE673A1C3DA}"
EndProject
Project("{FAE04EC0-301F-11D3-BF4B-00C04F79EFBC}") = "Bhbk.Lib.Msft.Win.Sys.Log", "2fe36d0a8345241317654c729b18c518\Bhbk.Lib.Msft.Win.Sys.Log.csproj", "{5042BC8D-E5FD-4459-A5D0-7C0952402518}"
EndProject
Project("{FAE04EC0-301F-11D3-BF4B-00C04F79EFBC}") = "Bhbk.Lib.Msft.Win.File.Ink", "1be122b1bc19a9e7134eea1c61d021aa\Bhbk.Lib.Msft.Win.File.Ink.csproj", "{BFE21240-7E72-4B09-8E85-CDA119CEE346}"
EndProject
Project("{FAE04EC0-301F-11D3-BF4B-00C04F79EFBC}") = "Bhbk.Lib.Msft.Proc.Trampoline.Client", "163b76286fbc3e28894c89cbed90bf79\Bhbk.Lib.Msft.Proc.Trampoline.Client.csproj", "{811E2BBB-D016-41FB-9D2E-083AC6B2C6DC}"
EndProject
Project("{2150E333-8FDC-42A3-9474-1A3956D46DE8}") = "Solution Items", "Solution Items", "{54A99DF8-155E-4F3A-86B3-5537F14F4D8C}"
	ProjectSection(SolutionItems) = preProject
		..\.gitignore = ..\.gitignore
		..\.gitlab-ci.yml = ..\.gitlab-ci.yml
		build.cmd = build.cmd
		clean.cmd = clean.cmd
		..\license.md = ..\license.md
		..\readme.md = ..\readme.md
	EndProjectSection
EndProject
Project("{8BC9CEB8-8B4A-11D0-8D11-00A0C91BC942}") = "Bhbk.Lib.Msft.Proc.Thread", "fb51f08e382192dbad7a307120ccf33b\Bhbk.Lib.Msft.Proc.Thread.vcxproj", "{6193B97A-058C-4C8C-AFDF-942D9F1E45FE}"
EndProject
Project("{8BC9CEB8-8B4A-11D0-8D11-00A0C91BC942}") = "Bhbk.Lib.Msft.Proc", "c299b56756a54c3a203cc37367a73e0d\Bhbk.Lib.Msft.Proc.vcxproj", "{C2BE0907-4FEC-46ED-B802-AFD4679D47C0}"
EndProject
Project("{8BC9CEB8-8B4A-11D0-8D11-00A0C91BC942}") = "Bhbk.Lib.Msft.Dotnet.Interop", "cde58a99d89a1a13c1504c92dc37eae2\Bhbk.Lib.Msft.Dotnet.Interop.vcxproj", "{16B6310C-5886-4A2B-A271-3BE239076A24}"
EndProject
Project("{8BC9CEB8-8B4A-11D0-8D11-00A0C91BC942}") = "Bhbk.Lib.Msft.Proc.Trampoline", "13d95898fe0f574d2583d7b08236e857\Bhbk.Lib.Msft.Proc.Trampoline.vcxproj", "{5BBF1057-FB31-43D4-B435-E8F2056FCFC3}"
EndProject
Project("{8BC9CEB8-8B4A-11D0-8D11-00A0C91BC942}") = "Bhbk.Lib.Msft.Proc.Trampoline.PE", "5a7a963be522a3c79785c98e43885438\Bhbk.Lib.Msft.Proc.Trampoline.PE.vcxproj", "{C74C7AD0-4B6D-41E0-911D-1ED85019B727}"
EndProject
Project("{8BC9CEB8-8B4A-11D0-8D11-00A0C91BC942}") = "Bhbk.Lib.Msft.Proc.Trampoline.Reporter", "9717bbf6e79ab1d3e829732989b405f9\Bhbk.Lib.Msft.Proc.Trampoline.Reporter.vcxproj", "{5A1D007A-0DED-45BB-B9A7-50F65209F8CF}"
EndProject
Project("{8BC9CEB8-8B4A-11D0-8D11-00A0C91BC942}") = "Bhbk.Lib.Msft.Win.Gui.Photograph", "8aa8337606867318cd11b19cec60f125\Bhbk.Lib.Msft.Win.Gui.Photograph.vcxproj", "{13425D75-8AD2-400D-9F2A-8732099DCB17}"
EndProject
Project("{8BC9CEB8-8B4A-11D0-8D11-00A0C91BC942}") = "Bhbk.Lib.Msft.Win.Sys.Device", "eb189527d6ecb920cd6dc02651c9af01\Bhbk.Lib.Msft.Win.Sys.Device.vcxproj", "{D7FC6EC3-5F8D-4CCD-88FF-1966593E336D}"
EndProject
Global
	GlobalSection(SolutionConfigurationPlatforms) = preSolution
		Debug|Any CPU = Debug|Any CPU
		Debug|x64 = Debug|x64
		Debug|x86 = Debug|x86
		Release|Any CPU = Release|Any CPU
		Release|x64 = Release|x64
		Release|x86 = Release|x86
	EndGlobalSection
	GlobalSection(ProjectConfigurationPlatforms) = postSolution
		{8F96F488-3165-432D-9B3A-FD8D9AF69AB6}.Debug|Any CPU.ActiveCfg = Debug|x86
		{8F96F488-3165-432D-9B3A-FD8D9AF69AB6}.Debug|x64.ActiveCfg = Debug|x64
		{8F96F488-3165-432D-9B3A-FD8D9AF69AB6}.Debug|x64.Build.0 = Debug|x64
		{8F96F488-3165-432D-9B3A-FD8D9AF69AB6}.Debug|x86.ActiveCfg = Debug|x86
		{8F96F488-3165-432D-9B3A-FD8D9AF69AB6}.Debug|x86.Build.0 = Debug|x86
		{8F96F488-3165-432D-9B3A-FD8D9AF69AB6}.Release|Any CPU.ActiveCfg = Release|x86
		{8F96F488-3165-432D-9B3A-FD8D9AF69AB6}.Release|x64.ActiveCfg = Release|x64
		{8F96F488-3165-432D-9B3A-FD8D9AF69AB6}.Release|x64.Build.0 = Release|x64
		{8F96F488-3165-432D-9B3A-FD8D9AF69AB6}.Release|x86.ActiveCfg = Release|x86
		{8F96F488-3165-432D-9B3A-FD8D9AF69AB6}.Release|x86.Build.0 = Release|x86
		{918D01E3-32FC-412B-91E0-2B4C496F619B}.Debug|Any CPU.ActiveCfg = Debug|Any CPU
		{918D01E3-32FC-412B-91E0-2B4C496F619B}.Debug|Any CPU.Build.0 = Debug|Any CPU
		{918D01E3-32FC-412B-91E0-2B4C496F619B}.Debug|x64.ActiveCfg = Debug|x64
		{918D01E3-32FC-412B-91E0-2B4C496F619B}.Debug|x64.Build.0 = Debug|x64
		{918D01E3-32FC-412B-91E0-2B4C496F619B}.Debug|x86.ActiveCfg = Debug|x86
		{918D01E3-32FC-412B-91E0-2B4C496F619B}.Debug|x86.Build.0 = Debug|x86
		{918D01E3-32FC-412B-91E0-2B4C496F619B}.Release|Any CPU.ActiveCfg = Release|Any CPU
		{918D01E3-32FC-412B-91E0-2B4C496F619B}.Release|Any CPU.Build.0 = Release|Any CPU
		{918D01E3-32FC-412B-91E0-2B4C496F619B}.Release|x64.ActiveCfg = Release|Any CPU
		{918D01E3-32FC-412B-91E0-2B4C496F619B}.Release|x64.Build.0 = Release|Any CPU
		{918D01E3-32FC-412B-91E0-2B4C496F619B}.Release|x86.ActiveCfg = Release|Any CPU
		{918D01E3-32FC-412B-91E0-2B4C496F619B}.Release|x86.Build.0 = Release|Any CPU
		{5ADE9034-72C9-4587-9857-3EC3AE2FED20}.Debug|Any CPU.ActiveCfg = Debug|x86
		{5ADE9034-72C9-4587-9857-3EC3AE2FED20}.Debug|x64.ActiveCfg = Debug|x64
		{5ADE9034-72C9-4587-9857-3EC3AE2FED20}.Debug|x64.Build.0 = Debug|x64
		{5ADE9034-72C9-4587-9857-3EC3AE2FED20}.Debug|x86.ActiveCfg = Debug|x86
		{5ADE9034-72C9-4587-9857-3EC3AE2FED20}.Debug|x86.Build.0 = Debug|x86
		{5ADE9034-72C9-4587-9857-3EC3AE2FED20}.Release|Any CPU.ActiveCfg = Release|x86
		{5ADE9034-72C9-4587-9857-3EC3AE2FED20}.Release|x64.ActiveCfg = Release|x64
		{5ADE9034-72C9-4587-9857-3EC3AE2FED20}.Release|x64.Build.0 = Release|x64
		{5ADE9034-72C9-4587-9857-3EC3AE2FED20}.Release|x86.ActiveCfg = Release|x86
		{5ADE9034-72C9-4587-9857-3EC3AE2FED20}.Release|x86.Build.0 = Release|x86
		{DA54E6A3-9100-450A-9573-0F8D05C0D5C7}.Debug|Any CPU.ActiveCfg = Debug|x86
		{DA54E6A3-9100-450A-9573-0F8D05C0D5C7}.Debug|x64.ActiveCfg = Debug|x64
		{DA54E6A3-9100-450A-9573-0F8D05C0D5C7}.Debug|x64.Build.0 = Debug|x64
		{DA54E6A3-9100-450A-9573-0F8D05C0D5C7}.Debug|x86.ActiveCfg = Debug|x86
		{DA54E6A3-9100-450A-9573-0F8D05C0D5C7}.Debug|x86.Build.0 = Debug|x86
		{DA54E6A3-9100-450A-9573-0F8D05C0D5C7}.Release|Any CPU.ActiveCfg = Release|x86
		{DA54E6A3-9100-450A-9573-0F8D05C0D5C7}.Release|x64.ActiveCfg = Release|x64
		{DA54E6A3-9100-450A-9573-0F8D05C0D5C7}.Release|x64.Build.0 = Release|x64
		{DA54E6A3-9100-450A-9573-0F8D05C0D5C7}.Release|x86.ActiveCfg = Release|x86
		{DA54E6A3-9100-450A-9573-0F8D05C0D5C7}.Release|x86.Build.0 = Release|x86
		{8CCB820C-A10C-420F-81CE-2EE673A1C3DA}.Debug|Any CPU.ActiveCfg = Debug|x86
		{8CCB820C-A10C-420F-81CE-2EE673A1C3DA}.Debug|x64.ActiveCfg = Debug|x64
		{8CCB820C-A10C-420F-81CE-2EE673A1C3DA}.Debug|x64.Build.0 = Debug|x64
		{8CCB820C-A10C-420F-81CE-2EE673A1C3DA}.Debug|x86.ActiveCfg = Debug|x86
		{8CCB820C-A10C-420F-81CE-2EE673A1C3DA}.Debug|x86.Build.0 = Debug|x86
		{8CCB820C-A10C-420F-81CE-2EE673A1C3DA}.Release|Any CPU.ActiveCfg = Release|x86
		{8CCB820C-A10C-420F-81CE-2EE673A1C3DA}.Release|x64.ActiveCfg = Release|x64
		{8CCB820C-A10C-420F-81CE-2EE673A1C3DA}.Release|x64.Build.0 = Release|x64
		{8CCB820C-A10C-420F-81CE-2EE673A1C3DA}.Release|x86.ActiveCfg = Release|x86
		{8CCB820C-A10C-420F-81CE-2EE673A1C3DA}.Release|x86.Build.0 = Release|x86
		{5042BC8D-E5FD-4459-A5D0-7C0952402518}.Debug|Any CPU.ActiveCfg = Debug|x86
		{5042BC8D-E5FD-4459-A5D0-7C0952402518}.Debug|x64.ActiveCfg = Debug|x64
		{5042BC8D-E5FD-4459-A5D0-7C0952402518}.Debug|x64.Build.0 = Debug|x64
		{5042BC8D-E5FD-4459-A5D0-7C0952402518}.Debug|x86.ActiveCfg = Debug|x86
		{5042BC8D-E5FD-4459-A5D0-7C0952402518}.Debug|x86.Build.0 = Debug|x86
		{5042BC8D-E5FD-4459-A5D0-7C0952402518}.Release|Any CPU.ActiveCfg = Release|x86
		{5042BC8D-E5FD-4459-A5D0-7C0952402518}.Release|x64.ActiveCfg = Release|x64
		{5042BC8D-E5FD-4459-A5D0-7C0952402518}.Release|x64.Build.0 = Release|x64
		{5042BC8D-E5FD-4459-A5D0-7C0952402518}.Release|x86.ActiveCfg = Release|x86
		{5042BC8D-E5FD-4459-A5D0-7C0952402518}.Release|x86.Build.0 = Release|x86
		{BFE21240-7E72-4B09-8E85-CDA119CEE346}.Debug|Any CPU.ActiveCfg = Debug|Any CPU
		{BFE21240-7E72-4B09-8E85-CDA119CEE346}.Debug|Any CPU.Build.0 = Debug|Any CPU
		{BFE21240-7E72-4B09-8E85-CDA119CEE346}.Debug|x64.ActiveCfg = Debug|x64
		{BFE21240-7E72-4B09-8E85-CDA119CEE346}.Debug|x64.Build.0 = Debug|x64
		{BFE21240-7E72-4B09-8E85-CDA119CEE346}.Debug|x86.ActiveCfg = Debug|x86
		{BFE21240-7E72-4B09-8E85-CDA119CEE346}.Debug|x86.Build.0 = Debug|x86
		{BFE21240-7E72-4B09-8E85-CDA119CEE346}.Release|Any CPU.ActiveCfg = Release|Any CPU
		{BFE21240-7E72-4B09-8E85-CDA119CEE346}.Release|Any CPU.Build.0 = Release|Any CPU
		{BFE21240-7E72-4B09-8E85-CDA119CEE346}.Release|x64.ActiveCfg = Release|x64
		{BFE21240-7E72-4B09-8E85-CDA119CEE346}.Release|x64.Build.0 = Release|x64
		{BFE21240-7E72-4B09-8E85-CDA119CEE346}.Release|x86.ActiveCfg = Release|x86
		{BFE21240-7E72-4B09-8E85-CDA119CEE346}.Release|x86.Build.0 = Release|x86
		{811E2BBB-D016-41FB-9D2E-083AC6B2C6DC}.Debug|Any CPU.ActiveCfg = Debug|x86
		{811E2BBB-D016-41FB-9D2E-083AC6B2C6DC}.Debug|x64.ActiveCfg = Debug|x64
		{811E2BBB-D016-41FB-9D2E-083AC6B2C6DC}.Debug|x86.ActiveCfg = Debug|x86
		{811E2BBB-D016-41FB-9D2E-083AC6B2C6DC}.Debug|x86.Build.0 = Debug|x86
		{811E2BBB-D016-41FB-9D2E-083AC6B2C6DC}.Release|Any CPU.ActiveCfg = Release|x86
		{811E2BBB-D016-41FB-9D2E-083AC6B2C6DC}.Release|x64.ActiveCfg = Release|x64
		{811E2BBB-D016-41FB-9D2E-083AC6B2C6DC}.Release|x64.Build.0 = Release|x64
		{811E2BBB-D016-41FB-9D2E-083AC6B2C6DC}.Release|x86.ActiveCfg = Release|x86
		{811E2BBB-D016-41FB-9D2E-083AC6B2C6DC}.Release|x86.Build.0 = Release|x86
		{6193B97A-058C-4C8C-AFDF-942D9F1E45FE}.Debug|Any CPU.ActiveCfg = Debug|Win32
		{6193B97A-058C-4C8C-AFDF-942D9F1E45FE}.Debug|x64.ActiveCfg = Debug|x64
		{6193B97A-058C-4C8C-AFDF-942D9F1E45FE}.Debug|x64.Build.0 = Debug|x64
		{6193B97A-058C-4C8C-AFDF-942D9F1E45FE}.Debug|x86.ActiveCfg = Debug|Win32
		{6193B97A-058C-4C8C-AFDF-942D9F1E45FE}.Debug|x86.Build.0 = Debug|Win32
		{6193B97A-058C-4C8C-AFDF-942D9F1E45FE}.Release|Any CPU.ActiveCfg = Release|Win32
		{6193B97A-058C-4C8C-AFDF-942D9F1E45FE}.Release|x64.ActiveCfg = Release|x64
		{6193B97A-058C-4C8C-AFDF-942D9F1E45FE}.Release|x64.Build.0 = Release|x64
		{6193B97A-058C-4C8C-AFDF-942D9F1E45FE}.Release|x86.ActiveCfg = Release|Win32
		{6193B97A-058C-4C8C-AFDF-942D9F1E45FE}.Release|x86.Build.0 = Release|Win32
		{C2BE0907-4FEC-46ED-B802-AFD4679D47C0}.Debug|Any CPU.ActiveCfg = Debug|Win32
		{C2BE0907-4FEC-46ED-B802-AFD4679D47C0}.Debug|x64.ActiveCfg = Debug|x64
		{C2BE0907-4FEC-46ED-B802-AFD4679D47C0}.Debug|x64.Build.0 = Debug|x64
		{C2BE0907-4FEC-46ED-B802-AFD4679D47C0}.Debug|x86.ActiveCfg = Debug|Win32
		{C2BE0907-4FEC-46ED-B802-AFD4679D47C0}.Debug|x86.Build.0 = Debug|Win32
		{C2BE0907-4FEC-46ED-B802-AFD4679D47C0}.Release|Any CPU.ActiveCfg = Release|Win32
		{C2BE0907-4FEC-46ED-B802-AFD4679D47C0}.Release|x64.ActiveCfg = Release|x64
		{C2BE0907-4FEC-46ED-B802-AFD4679D47C0}.Release|x64.Build.0 = Release|x64
		{C2BE0907-4FEC-46ED-B802-AFD4679D47C0}.Release|x86.ActiveCfg = Release|Win32
		{C2BE0907-4FEC-46ED-B802-AFD4679D47C0}.Release|x86.Build.0 = Release|Win32
		{16B6310C-5886-4A2B-A271-3BE239076A24}.Debug|Any CPU.ActiveCfg = Debug|Win32
		{16B6310C-5886-4A2B-A271-3BE239076A24}.Debug|x64.ActiveCfg = Debug|x64
		{16B6310C-5886-4A2B-A271-3BE239076A24}.Debug|x64.Build.0 = Debug|x64
		{16B6310C-5886-4A2B-A271-3BE239076A24}.Debug|x86.ActiveCfg = Debug|Win32
		{16B6310C-5886-4A2B-A271-3BE239076A24}.Debug|x86.Build.0 = Debug|Win32
		{16B6310C-5886-4A2B-A271-3BE239076A24}.Release|Any CPU.ActiveCfg = Release|Win32
		{16B6310C-5886-4A2B-A271-3BE239076A24}.Release|x64.ActiveCfg = Release|x64
		{16B6310C-5886-4A2B-A271-3BE239076A24}.Release|x64.Build.0 = Release|x64
		{16B6310C-5886-4A2B-A271-3BE239076A24}.Release|x86.ActiveCfg = Release|Win32
		{16B6310C-5886-4A2B-A271-3BE239076A24}.Release|x86.Build.0 = Release|Win32
		{5BBF1057-FB31-43D4-B435-E8F2056FCFC3}.Debug|Any CPU.ActiveCfg = Debug|Win32
		{5BBF1057-FB31-43D4-B435-E8F2056FCFC3}.Debug|x64.ActiveCfg = Debug|x64
		{5BBF1057-FB31-43D4-B435-E8F2056FCFC3}.Debug|x86.ActiveCfg = Debug|Win32
		{5BBF1057-FB31-43D4-B435-E8F2056FCFC3}.Debug|x86.Build.0 = Debug|Win32
		{5BBF1057-FB31-43D4-B435-E8F2056FCFC3}.Release|Any CPU.ActiveCfg = Release|Win32
		{5BBF1057-FB31-43D4-B435-E8F2056FCFC3}.Release|x64.ActiveCfg = Release|x64
		{5BBF1057-FB31-43D4-B435-E8F2056FCFC3}.Release|x64.Build.0 = Release|x64
		{5BBF1057-FB31-43D4-B435-E8F2056FCFC3}.Release|x86.ActiveCfg = Release|Win32
		{5BBF1057-FB31-43D4-B435-E8F2056FCFC3}.Release|x86.Build.0 = Release|Win32
		{C74C7AD0-4B6D-41E0-911D-1ED85019B727}.Debug|Any CPU.ActiveCfg = Debug|Win32
		{C74C7AD0-4B6D-41E0-911D-1ED85019B727}.Debug|x64.ActiveCfg = Debug|x64
		{C74C7AD0-4B6D-41E0-911D-1ED85019B727}.Debug|x86.ActiveCfg = Debug|Win32
		{C74C7AD0-4B6D-41E0-911D-1ED85019B727}.Debug|x86.Build.0 = Debug|Win32
		{C74C7AD0-4B6D-41E0-911D-1ED85019B727}.Release|Any CPU.ActiveCfg = Release|Win32
		{C74C7AD0-4B6D-41E0-911D-1ED85019B727}.Release|x64.ActiveCfg = Release|x64
		{C74C7AD0-4B6D-41E0-911D-1ED85019B727}.Release|x64.Build.0 = Release|x64
		{C74C7AD0-4B6D-41E0-911D-1ED85019B727}.Release|x86.ActiveCfg = Release|Win32
		{C74C7AD0-4B6D-41E0-911D-1ED85019B727}.Release|x86.Build.0 = Release|Win32
		{5A1D007A-0DED-45BB-B9A7-50F65209F8CF}.Debug|Any CPU.ActiveCfg = Debug|Win32
		{5A1D007A-0DED-45BB-B9A7-50F65209F8CF}.Debug|x64.ActiveCfg = Debug|x64
		{5A1D007A-0DED-45BB-B9A7-50F65209F8CF}.Debug|x86.ActiveCfg = Debug|Win32
		{5A1D007A-0DED-45BB-B9A7-50F65209F8CF}.Debug|x86.Build.0 = Debug|Win32
		{5A1D007A-0DED-45BB-B9A7-50F65209F8CF}.Release|Any CPU.ActiveCfg = Release|Win32
		{5A1D007A-0DED-45BB-B9A7-50F65209F8CF}.Release|x64.ActiveCfg = Release|x64
		{5A1D007A-0DED-45BB-B9A7-50F65209F8CF}.Release|x64.Build.0 = Release|x64
		{5A1D007A-0DED-45BB-B9A7-50F65209F8CF}.Release|x86.ActiveCfg = Release|Win32
		{5A1D007A-0DED-45BB-B9A7-50F65209F8CF}.Release|x86.Build.0 = Release|Win32
		{13425D75-8AD2-400D-9F2A-8732099DCB17}.Debug|Any CPU.ActiveCfg = Debug|Win32
		{13425D75-8AD2-400D-9F2A-8732099DCB17}.Debug|x64.ActiveCfg = Debug|x64
		{13425D75-8AD2-400D-9F2A-8732099DCB17}.Debug|x64.Build.0 = Debug|x64
		{13425D75-8AD2-400D-9F2A-8732099DCB17}.Debug|x86.ActiveCfg = Debug|Win32
		{13425D75-8AD2-400D-9F2A-8732099DCB17}.Debug|x86.Build.0 = Debug|Win32
		{13425D75-8AD2-400D-9F2A-8732099DCB17}.Release|Any CPU.ActiveCfg = Release|Win32
		{13425D75-8AD2-400D-9F2A-8732099DCB17}.Release|x64.ActiveCfg = Release|x64
		{13425D75-8AD2-400D-9F2A-8732099DCB17}.Release|x64.Build.0 = Release|x64
		{13425D75-8AD2-400D-9F2A-8732099DCB17}.Release|x86.ActiveCfg = Release|Win32
		{13425D75-8AD2-400D-9F2A-8732099DCB17}.Release|x86.Build.0 = Release|Win32
		{D7FC6EC3-5F8D-4CCD-88FF-1966593E336D}.Debug|Any CPU.ActiveCfg = Debug|Win32
		{D7FC6EC3-5F8D-4CCD-88FF-1966593E336D}.Debug|x64.ActiveCfg = Debug|x64
		{D7FC6EC3-5F8D-4CCD-88FF-1966593E336D}.Debug|x64.Build.0 = Debug|x64
		{D7FC6EC3-5F8D-4CCD-88FF-1966593E336D}.Debug|x86.ActiveCfg = Debug|Win32
		{D7FC6EC3-5F8D-4CCD-88FF-1966593E336D}.Debug|x86.Build.0 = Debug|Win32
		{D7FC6EC3-5F8D-4CCD-88FF-1966593E336D}.Release|Any CPU.ActiveCfg = Release|Win32
		{D7FC6EC3-5F8D-4CCD-88FF-1966593E336D}.Release|x64.ActiveCfg = Release|x64
		{D7FC6EC3-5F8D-4CCD-88FF-1966593E336D}.Release|x64.Build.0 = Release|x64
		{D7FC6EC3-5F8D-4CCD-88FF-1966593E336D}.Release|x86.ActiveCfg = Release|Win32
		{D7FC6EC3-5F8D-4CCD-88FF-1966593E336D}.Release|x86.Build.0 = Release|Win32
	EndGlobalSection
	GlobalSection(SolutionProperties) = preSolution
		HideSolutionNode = FALSE
	EndGlobalSection
	GlobalSection(ExtensibilityGlobals) = postSolution
		SolutionGuid = {96CE124E-C520-4C84-ABEE-0AB7491E4FB3}
	EndGlobalSection
EndGlobal
